
Microsoft Visual Studio Solution File, Format Version 12.00
# Visual Studio Version 16
VisualStudioVersion = 25.0.1700.5
MinimumVisualStudioVersion = 10.0.40219.1
Project("{FAE04EC0-301F-11D3-BF4B-00C04F79EFBC}") = "InterviewApp.Core", "src\InterviewApp.Core\InterviewApp.Core.csproj", "{59317638-ABDD-4379-9EC7-22D528EBF0F9}"
EndProject
Project("{FAE04EC0-301F-11D3-BF4B-00C04F79EFBC}") = "InterviewApp.API", "src\InterviewApp.API\InterviewApp.API.csproj", "{03D81457-CE9E-49D0-81F8-13C3A649D417}"
EndProject
Global
	GlobalSection(SolutionConfigurationPlatforms) = preSolution
		Debug|Any CPU = Debug|Any CPU
		Release|Any CPU = Release|Any CPU
	EndGlobalSection
	GlobalSection(ProjectConfigurationPlatforms) = postSolution
		{59317638-ABDD-4379-9EC7-22D528EBF0F9}.Debug|Any CPU.ActiveCfg = Debug|Any CPU
		{59317638-ABDD-4379-9EC7-22D528EBF0F9}.Debug|Any CPU.Build.0 = Debug|Any CPU
		{59317638-ABDD-4379-9EC7-22D528EBF0F9}.Release|Any CPU.ActiveCfg = Release|Any CPU
		{59317638-ABDD-4379-9EC7-22D528EBF0F9}.Release|Any CPU.Build.0 = Release|Any CPU
		{03D81457-CE9E-49D0-81F8-13C3A649D417}.Debug|Any CPU.ActiveCfg = Debug|Any CPU
		{03D81457-CE9E-49D0-81F8-13C3A649D417}.Debug|Any CPU.Build.0 = Debug|Any CPU
		{03D81457-CE9E-49D0-81F8-13C3A649D417}.Release|Any CPU.ActiveCfg = Release|Any CPU
		{03D81457-CE9E-49D0-81F8-13C3A649D417}.Release|Any CPU.Build.0 = Release|Any CPU
	EndGlobalSection
	GlobalSection(SolutionProperties) = preSolution
		HideSolutionNode = FALSE
	EndGlobalSection
	GlobalSection(ExtensibilityGlobals) = postSolution
		SolutionGuid = {2B4CF61C-D667-48E9-A031-553E0408D014}
	EndGlobalSection
EndGlobal
